{
  "requires": true,
  "lockfileVersion": 1,
  "dependencies": {
    "bulma-toast": {
      "version": "2.0.1",
      "resolved": "https://registry.npmjs.org/bulma-toast/-/bulma-toast-2.0.1.tgz",
      "integrity": "sha512-py63dWP7tD/FmmW+jRUaA+G8mV66T+R/WNaYU5INvtweIhqGU1DwiS/rm0xjJ1wLettEegBvuWNpRhYmD3PGJg=="
    }
  }
}
